// !$*UTF8*$!
{
	archiveVersion = 1;
	classes = {
	};
	objectVersion = 46;
	objects = {

/* Begin PBXBuildFile section */
		3BA0D4D3186835D600523CAB /* Foundation.framework in Frameworks */ = {isa = PBXBuildFile; fileRef = 3BA0D4D2186835D600523CAB /* Foundation.framework */; };
		3BA0D4D5186835D600523CAB /* CoreGraphics.framework in Frameworks */ = {isa = PBXBuildFile; fileRef = 3BA0D4D4186835D600523CAB /* CoreGraphics.framework */; };
		3BA0D4D7186835D600523CAB /* UIKit.framework in Frameworks */ = {isa = PBXBuildFile; fileRef = 3BA0D4D6186835D600523CAB /* UIKit.framework */; };
		3BA0D4DD186835D600523CAB /* InfoPlist.strings in Resources */ = {isa = PBXBuildFile; fileRef = 3BA0D4DB186835D600523CAB /* InfoPlist.strings */; };
		3BA0D4DF186835D600523CAB /* main.m in Sources */ = {isa = PBXBuildFile; fileRef = 3BA0D4DE186835D600523CAB /* main.m */; };
		3BA0D4E3186835D600523CAB /* AppDelegate.m in Sources */ = {isa = PBXBuildFile; fileRef = 3BA0D4E2186835D600523CAB /* AppDelegate.m */; };
		3BA0D4E6186835D600523CAB /* RootViewController.m in Sources */ = {isa = PBXBuildFile; fileRef = 3BA0D4E5186835D600523CAB /* RootViewController.m */; };
		3BA0D4E9186835D600523CAB /* DataViewController.m in Sources */ = {isa = PBXBuildFile; fileRef = 3BA0D4E8186835D600523CAB /* DataViewController.m */; };
		3BA0D4EC186835D600523CAB /* ModelController.m in Sources */ = {isa = PBXBuildFile; fileRef = 3BA0D4EB186835D600523CAB /* ModelController.m */; };
		3BA0D4EF186835D600523CAB /* Main_iPhone.storyboard in Resources */ = {isa = PBXBuildFile; fileRef = 3BA0D4ED186835D600523CAB /* Main_iPhone.storyboard */; };
		3BA0D4F2186835D600523CAB /* Main_iPad.storyboard in Resources */ = {isa = PBXBuildFile; fileRef = 3BA0D4F0186835D600523CAB /* Main_iPad.storyboard */; };
		3BA0D4F4186835D600523CAB /* Images.xcassets in Resources */ = {isa = PBXBuildFile; fileRef = 3BA0D4F3186835D600523CAB /* Images.xcassets */; };
		3BA0D4FB186835D600523CAB /* XCTest.framework in Frameworks */ = {isa = PBXBuildFile; fileRef = 3BA0D4FA186835D600523CAB /* XCTest.framework */; };
		3BA0D4FC186835D600523CAB /* Foundation.framework in Frameworks */ = {isa = PBXBuildFile; fileRef = 3BA0D4D2186835D600523CAB /* Foundation.framework */; };
		3BA0D4FD186835D600523CAB /* UIKit.framework in Frameworks */ = {isa = PBXBuildFile; fileRef = 3BA0D4D6186835D600523CAB /* UIKit.framework */; };
		3BA0D505186835D600523CAB /* InfoPlist.strings in Resources */ = {isa = PBXBuildFile; fileRef = 3BA0D503186835D600523CAB /* InfoPlist.strings */; };
		3BA0D507186835D600523CAB /* SYNAPSETests.m in Sources */ = {isa = PBXBuildFile; fileRef = 3BA0D506186835D600523CAB /* SYNAPSETests.m */; };
/* End PBXBuildFile section */

/* Begin PBXContainerItemProxy section */
		3BA0D4FE186835D600523CAB /* PBXContainerItemProxy */ = {
			isa = PBXContainerItemProxy;
			containerPortal = 3BA0D4C7186835D500523CAB /* Project object */;
			proxyType = 1;
			remoteGlobalIDString = 3BA0D4CE186835D500523CAB;
			remoteInfo = SYNAPSE;
		};
/* End PBXContainerItemProxy section */

/* Begin PBXFileReference section */
		3BA0D4CF186835D600523CAB /* SYNAPSE.app */ = {isa = PBXFileReference; explicitFileType = wrapper.application; includeInIndex = 0; path = SYNAPSE.app; sourceTree = BUILT_PRODUCTS_DIR; };
		3BA0D4D2186835D600523CAB /* Foundation.framework */ = {isa = PBXFileReference; lastKnownFileType = wrapper.framework; name = Foundation.framework; path = System/Library/Frameworks/Foundation.framework; sourceTree = SDKROOT; };
		3BA0D4D4186835D600523CAB /* CoreGraphics.framework */ = {isa = PBXFileReference; lastKnownFileType = wrapper.framework; name = CoreGraphics.framework; path = System/Library/Frameworks/CoreGraphics.framework; sourceTree = SDKROOT; };
		3BA0D4D6186835D600523CAB /* UIKit.framework */ = {isa = PBXFileReference; lastKnownFileType = wrapper.framework; name = UIKit.framework; path = System/Library/Frameworks/UIKit.framework; sourceTree = SDKROOT; };
		3BA0D4DA186835D600523CAB /* SYNAPSE-Info.plist */ = {isa = PBXFileReference; lastKnownFileType = text.plist.xml; path = "SYNAPSE-Info.plist"; sourceTree = "<group>"; };
		3BA0D4DC186835D600523CAB /* en */ = {isa = PBXFileReference; lastKnownFileType = text.plist.strings; name = en; path = en.lproj/InfoPlist.strings; sourceTree = "<group>"; };
		3BA0D4DE186835D600523CAB /* main.m */ = {isa = PBXFileReference; lastKnownFileType = sourcecode.c.objc; path = main.m; sourceTree = "<group>"; };
		3BA0D4E0186835D600523CAB /* SYNAPSE-Prefix.pch */ = {isa = PBXFileReference; lastKnownFileType = sourcecode.c.h; path = "SYNAPSE-Prefix.pch"; sourceTree = "<group>"; };
		3BA0D4E1186835D600523CAB /* AppDelegate.h */ = {isa = PBXFileReference; lastKnownFileType = sourcecode.c.h; path = AppDelegate.h; sourceTree = "<group>"; };
		3BA0D4E2186835D600523CAB /* AppDelegate.m */ = {isa = PBXFileReference; lastKnownFileType = sourcecode.c.objc; path = AppDelegate.m; sourceTree = "<group>"; };
		3BA0D4E4186835D600523CAB /* RootViewController.h */ = {isa = PBXFileReference; lastKnownFileType = sourcecode.c.h; path = RootViewController.h; sourceTree = "<group>"; };
		3BA0D4E5186835D600523CAB /* RootViewController.m */ = {isa = PBXFileReference; lastKnownFileType = sourcecode.c.objc; path = RootViewController.m; sourceTree = "<group>"; };
		3BA0D4E7186835D600523CAB /* DataViewController.h */ = {isa = PBXFileReference; lastKnownFileType = sourcecode.c.h; path = DataViewController.h; sourceTree = "<group>"; };
		3BA0D4E8186835D600523CAB /* DataViewController.m */ = {isa = PBXFileReference; lastKnownFileType = sourcecode.c.objc; path = DataViewController.m; sourceTree = "<group>"; };
		3BA0D4EA186835D600523CAB /* ModelController.h */ = {isa = PBXFileReference; lastKnownFileType = sourcecode.c.h; path = ModelController.h; sourceTree = "<group>"; };
		3BA0D4EB186835D600523CAB /* ModelController.m */ = {isa = PBXFileReference; lastKnownFileType = sourcecode.c.objc; path = ModelController.m; sourceTree = "<group>"; };
		3BA0D4EE186835D600523CAB /* Base */ = {isa = PBXFileReference; lastKnownFileType = file.storyboard; name = Base; path = Base.lproj/Main_iPhone.storyboard; sourceTree = "<group>"; };
		3BA0D4F1186835D600523CAB /* Base */ = {isa = PBXFileReference; lastKnownFileType = file.storyboard; name = Base; path = Base.lproj/Main_iPad.storyboard; sourceTree = "<group>"; };
		3BA0D4F3186835D600523CAB /* Images.xcassets */ = {isa = PBXFileReference; lastKnownFileType = folder.assetcatalog; path = Images.xcassets; sourceTree = "<group>"; };
		3BA0D4F9186835D600523CAB /* SYNAPSETests.xctest */ = {isa = PBXFileReference; explicitFileType = wrapper.cfbundle; includeInIndex = 0; path = SYNAPSETests.xctest; sourceTree = BUILT_PRODUCTS_DIR; };
		3BA0D4FA186835D600523CAB /* XCTest.framework */ = {isa = PBXFileReference; lastKnownFileType = wrapper.framework; name = XCTest.framework; path = Library/Frameworks/XCTest.framework; sourceTree = DEVELOPER_DIR; };
		3BA0D502186835D600523CAB /* SYNAPSETests-Info.plist */ = {isa = PBXFileReference; lastKnownFileType = text.plist.xml; path = "SYNAPSETests-Info.plist"; sourceTree = "<group>"; };
		3BA0D504186835D600523CAB /* en */ = {isa = PBXFileReference; lastKnownFileType = text.plist.strings; name = en; path = en.lproj/InfoPlist.strings; sourceTree = "<group>"; };
		3BA0D506186835D600523CAB /* SYNAPSETests.m */ = {isa = PBXFileReference; lastKnownFileType = sourcecode.c.objc; path = SYNAPSETests.m; sourceTree = "<group>"; };
/* End PBXFileReference section */

/* Begin PBXFrameworksBuildPhase section */
		3BA0D4CC186835D500523CAB /* Frameworks */ = {
			isa = PBXFrameworksBuildPhase;
			buildActionMask = 2147483647;
			files = (
				3BA0D4D5186835D600523CAB /* CoreGraphics.framework in Frameworks */,
				3BA0D4D7186835D600523CAB /* UIKit.framework in Frameworks */,
				3BA0D4D3186835D600523CAB /* Foundation.framework in Frameworks */,
			);
			runOnlyForDeploymentPostprocessing = 0;
		};
		3BA0D4F6186835D600523CAB /* Frameworks */ = {
			isa = PBXFrameworksBuildPhase;
			buildActionMask = 2147483647;
			files = (
				3BA0D4FB186835D600523CAB /* XCTest.framework in Frameworks */,
				3BA0D4FD186835D600523CAB /* UIKit.framework in Frameworks */,
				3BA0D4FC186835D600523CAB /* Foundation.framework in Frameworks */,
			);
			runOnlyForDeploymentPostprocessing = 0;
		};
/* End PBXFrameworksBuildPhase section */

/* Begin PBXGroup section */
		3BA0D4C6186835D500523CAB = {
			isa = PBXGroup;
			children = (
				3BA0D4D8186835D600523CAB /* SYNAPSE */,
				3BA0D500186835D600523CAB /* SYNAPSETests */,
				3BA0D4D1186835D600523CAB /* Frameworks */,
				3BA0D4D0186835D600523CAB /* Products */,
			);
			sourceTree = "<group>";
		};
		3BA0D4D0186835D600523CAB /* Products */ = {
			isa = PBXGroup;
			children = (
				3BA0D4CF186835D600523CAB /* SYNAPSE.app */,
				3BA0D4F9186835D600523CAB /* SYNAPSETests.xctest */,
			);
			name = Products;
			sourceTree = "<group>";
		};
		3BA0D4D1186835D600523CAB /* Frameworks */ = {
			isa = PBXGroup;
			children = (
				3BA0D4D2186835D600523CAB /* Foundation.framework */,
				3BA0D4D4186835D600523CAB /* CoreGraphics.framework */,
				3BA0D4D6186835D600523CAB /* UIKit.framework */,
				3BA0D4FA186835D600523CAB /* XCTest.framework */,
			);
			name = Frameworks;
			sourceTree = "<group>";
		};
		3BA0D4D8186835D600523CAB /* SYNAPSE */ = {
			isa = PBXGroup;
			children = (
				3BA0D4E1186835D600523CAB /* AppDelegate.h */,
				3BA0D4E2186835D600523CAB /* AppDelegate.m */,
				3BA0D4E4186835D600523CAB /* RootViewController.h */,
				3BA0D4E5186835D600523CAB /* RootViewController.m */,
				3BA0D4E7186835D600523CAB /* DataViewController.h */,
				3BA0D4E8186835D600523CAB /* DataViewController.m */,
				3BA0D4EA186835D600523CAB /* ModelController.h */,
				3BA0D4EB186835D600523CAB /* ModelController.m */,
				3BA0D4ED186835D600523CAB /* Main_iPhone.storyboard */,
				3BA0D4F0186835D600523CAB /* Main_iPad.storyboard */,
				3BA0D4F3186835D600523CAB /* Images.xcassets */,
				3BA0D4D9186835D600523CAB /* Supporting Files */,
			);
			path = SYNAPSE;
			sourceTree = "<group>";
		};
		3BA0D4D9186835D600523CAB /* Supporting Files */ = {
			isa = PBXGroup;
			children = (
				3BA0D4DA186835D600523CAB /* SYNAPSE-Info.plist */,
				3BA0D4DB186835D600523CAB /* InfoPlist.strings */,
				3BA0D4DE186835D600523CAB /* main.m */,
				3BA0D4E0186835D600523CAB /* SYNAPSE-Prefix.pch */,
			);
			name = "Supporting Files";
			sourceTree = "<group>";
		};
		3BA0D500186835D600523CAB /* SYNAPSETests */ = {
			isa = PBXGroup;
			children = (
				3BA0D506186835D600523CAB /* SYNAPSETests.m */,
				3BA0D501186835D600523CAB /* Supporting Files */,
			);
			path = SYNAPSETests;
			sourceTree = "<group>";
		};
		3BA0D501186835D600523CAB /* Supporting Files */ = {
			isa = PBXGroup;
			children = (
				3BA0D502186835D600523CAB /* SYNAPSETests-Info.plist */,
				3BA0D503186835D600523CAB /* InfoPlist.strings */,
			);
			name = "Supporting Files";
			sourceTree = "<group>";
		};
/* End PBXGroup section */

/* Begin PBXNativeTarget section */
		3BA0D4CE186835D500523CAB /* SYNAPSE */ = {
			isa = PBXNativeTarget;
			buildConfigurationList = 3BA0D50A186835D600523CAB /* Build configuration list for PBXNativeTarget "SYNAPSE" */;
			buildPhases = (
				3BA0D4CB186835D500523CAB /* Sources */,
				3BA0D4CC186835D500523CAB /* Frameworks */,
				3BA0D4CD186835D500523CAB /* Resources */,
			);
			buildRules = (
			);
			dependencies = (
			);
			name = SYNAPSE;
			productName = SYNAPSE;
			productReference = 3BA0D4CF186835D600523CAB /* SYNAPSE.app */;
			productType = "com.apple.product-type.application";
		};
		3BA0D4F8186835D600523CAB /* SYNAPSETests */ = {
			isa = PBXNativeTarget;
			buildConfigurationList = 3BA0D50D186835D600523CAB /* Build configuration list for PBXNativeTarget "SYNAPSETests" */;
			buildPhases = (
				3BA0D4F5186835D600523CAB /* Sources */,
				3BA0D4F6186835D600523CAB /* Frameworks */,
				3BA0D4F7186835D600523CAB /* Resources */,
			);
			buildRules = (
			);
			dependencies = (
				3BA0D4FF186835D600523CAB /* PBXTargetDependency */,
			);
			name = SYNAPSETests;
			productName = SYNAPSETests;
			productReference = 3BA0D4F9186835D600523CAB /* SYNAPSETests.xctest */;
			productType = "com.apple.product-type.bundle.unit-test";
		};
/* End PBXNativeTarget section */

/* Begin PBXProject section */
		3BA0D4C7186835D500523CAB /* Project object */ = {
			isa = PBXProject;
			attributes = {
				LastUpgradeCheck = 0500;
				ORGANIZATIONNAME = Quotenter;
				TargetAttributes = {
					3BA0D4F8186835D600523CAB = {
						TestTargetID = 3BA0D4CE186835D500523CAB;
					};
				};
			};
			buildConfigurationList = 3BA0D4CA186835D500523CAB /* Build configuration list for PBXProject "SYNAPSE" */;
			compatibilityVersion = "Xcode 3.2";
			developmentRegion = English;
			hasScannedForEncodings = 0;
			knownRegions = (
				en,
				Base,
			);
			mainGroup = 3BA0D4C6186835D500523CAB;
			productRefGroup = 3BA0D4D0186835D600523CAB /* Products */;
			projectDirPath = "";
			projectRoot = "";
			targets = (
				3BA0D4CE186835D500523CAB /* SYNAPSE */,
				3BA0D4F8186835D600523CAB /* SYNAPSETests */,
			);
		};
/* End PBXProject section */

/* Begin PBXResourcesBuildPhase section */
		3BA0D4CD186835D500523CAB /* Resources */ = {
			isa = PBXResourcesBuildPhase;
			buildActionMask = 2147483647;
			files = (
				3BA0D4F2186835D600523CAB /* Main_iPad.storyboard in Resources */,
				3BA0D4F4186835D600523CAB /* Images.xcassets in Resources */,
				3BA0D4EF186835D600523CAB /* Main_iPhone.storyboard in Resources */,
				3BA0D4DD186835D600523CAB /* InfoPlist.strings in Resources */,
			);
			runOnlyForDeploymentPostprocessing = 0;
		};
		3BA0D4F7186835D600523CAB /* Resources */ = {
			isa = PBXResourcesBuildPhase;
			buildActionMask = 2147483647;
			files = (
				3BA0D505186835D600523CAB /* InfoPlist.strings in Resources */,
			);
			runOnlyForDeploymentPostprocessing = 0;
		};
/* End PBXResourcesBuildPhase section */

/* Begin PBXSourcesBuildPhase section */
		3BA0D4CB186835D500523CAB /* Sources */ = {
			isa = PBXSourcesBuildPhase;
			buildActionMask = 2147483647;
			files = (
				3BA0D4E9186835D600523CAB /* DataViewController.m in Sources */,
				3BA0D4E3186835D600523CAB /* AppDelegate.m in Sources */,
				3BA0D4EC186835D600523CAB /* ModelController.m in Sources */,
				3BA0D4DF186835D600523CAB /* main.m in Sources */,
				3BA0D4E6186835D600523CAB /* RootViewController.m in Sources */,
			);
			runOnlyForDeploymentPostprocessing = 0;
		};
		3BA0D4F5186835D600523CAB /* Sources */ = {
			isa = PBXSourcesBuildPhase;
			buildActionMask = 2147483647;
			files = (
				3BA0D507186835D600523CAB /* SYNAPSETests.m in Sources */,
			);
			runOnlyForDeploymentPostprocessing = 0;
		};
/* End PBXSourcesBuildPhase section */

/* Begin PBXTargetDependency section */
		3BA0D4FF186835D600523CAB /* PBXTargetDependency */ = {
			isa = PBXTargetDependency;
			target = 3BA0D4CE186835D500523CAB /* SYNAPSE */;
			targetProxy = 3BA0D4FE186835D600523CAB /* PBXContainerItemProxy */;
		};
/* End PBXTargetDependency section */

/* Begin PBXVariantGroup section */
		3BA0D4DB186835D600523CAB /* InfoPlist.strings */ = {
			isa = PBXVariantGroup;
			children = (
				3BA0D4DC186835D600523CAB /* en */,
			);
			name = InfoPlist.strings;
			sourceTree = "<group>";
		};
		3BA0D4ED186835D600523CAB /* Main_iPhone.storyboard */ = {
			isa = PBXVariantGroup;
			children = (
				3BA0D4EE186835D600523CAB /* Base */,
			);
			name = Main_iPhone.storyboard;
			sourceTree = "<group>";
		};
		3BA0D4F0186835D600523CAB /* Main_iPad.storyboard */ = {
			isa = PBXVariantGroup;
			children = (
				3BA0D4F1186835D600523CAB /* Base */,
			);
			name = Main_iPad.storyboard;
			sourceTree = "<group>";
		};
		3BA0D503186835D600523CAB /* InfoPlist.strings */ = {
			isa = PBXVariantGroup;
			children = (
				3BA0D504186835D600523CAB /* en */,
			);
			name = InfoPlist.strings;
			sourceTree = "<group>";
		};
/* End PBXVariantGroup section */

/* Begin XCBuildConfiguration section */
		3BA0D508186835D600523CAB /* Debug */ = {
			isa = XCBuildConfiguration;
			buildSettings = {
				ALWAYS_SEARCH_USER_PATHS = NO;
				ARCHS = "$(ARCHS_STANDARD_INCLUDING_64_BIT)";
				CLANG_CXX_LANGUAGE_STANDARD = "gnu++0x";
				CLANG_CXX_LIBRARY = "libc++";
				CLANG_ENABLE_MODULES = YES;
				CLANG_ENABLE_OBJC_ARC = YES;
				CLANG_WARN_BOOL_CONVERSION = YES;
				CLANG_WARN_CONSTANT_CONVERSION = YES;
				CLANG_WARN_DIRECT_OBJC_ISA_USAGE = YES_ERROR;
				CLANG_WARN_EMPTY_BODY = YES;
				CLANG_WARN_ENUM_CONVERSION = YES;
				CLANG_WARN_INT_CONVERSION = YES;
				CLANG_WARN_OBJC_ROOT_CLASS = YES_ERROR;
				CLANG_WARN__DUPLICATE_METHOD_MATCH = YES;
				"CODE_SIGN_IDENTITY[sdk=iphoneos*]" = "iPhone Developer";
				COPY_PHASE_STRIP = NO;
				GCC_C_LANGUAGE_STANDARD = gnu99;
				GCC_DYNAMIC_NO_PIC = NO;
				GCC_OPTIMIZATION_LEVEL = 0;
				GCC_PREPROCESSOR_DEFINITIONS = (
					"DEBUG=1",
					"$(inherited)",
				);
				GCC_SYMBOLS_PRIVATE_EXTERN = NO;
				GCC_WARN_64_TO_32_BIT_CONVERSION = YES;
				GCC_WARN_ABOUT_RETURN_TYPE = YES_ERROR;
				GCC_WARN_UNDECLARED_SELECTOR = YES;
				GCC_WARN_UNINITIALIZED_AUTOS = YES;
				GCC_WARN_UNUSED_FUNCTION = YES;
				GCC_WARN_UNUSED_VARIABLE = YES;
				IPHONEOS_DEPLOYMENT_TARGET = 7.0;
				ONLY_ACTIVE_ARCH = YES;
				SDKROOT = iphoneos;
				TARGETED_DEVICE_FAMILY = "1,2";
			};
			name = Debug;
		};
		3BA0D509186835D600523CAB /* Release */ = {
			isa = XCBuildConfiguration;
			buildSettings = {
				ALWAYS_SEARCH_USER_PATHS = NO;
				ARCHS = "$(ARCHS_STANDARD_INCLUDING_64_BIT)";
				CLANG_CXX_LANGUAGE_STANDARD = "gnu++0x";
				CLANG_CXX_LIBRARY = "libc++";
				CLANG_ENABLE_MODULES = YES;
				CLANG_ENABLE_OBJC_ARC = YES;
				CLANG_WARN_BOOL_CONVERSION = YES;
				CLANG_WARN_CONSTANT_CONVERSION = YES;
				CLANG_WARN_DIRECT_OBJC_ISA_USAGE = YES_ERROR;
				CLANG_WARN_EMPTY_BODY = YES;
				CLANG_WARN_ENUM_CONVERSION = YES;
				CLANG_WARN_INT_CONVERSION = YES;
				CLANG_WARN_OBJC_ROOT_CLASS = YES_ERROR;
				CLANG_WARN__DUPLICATE_METHOD_MATCH = YES;
				"CODE_SIGN_IDENTITY[sdk=iphoneos*]" = "iPhone Developer";
				COPY_PHASE_STRIP = YES;
				ENABLE_NS_ASSERTIONS = NO;
				GCC_C_LANGUAGE_STANDARD = gnu99;
				GCC_WARN_64_TO_32_BIT_CONVERSION = YES;
				GCC_WARN_ABOUT_RETURN_TYPE = YES_ERROR;
				GCC_WARN_UNDECLARED_SELECTOR = YES;
				GCC_WARN_UNINITIALIZED_AUTOS = YES;
				GCC_WARN_UNUSED_FUNCTION = YES;
				GCC_WARN_UNUSED_VARIABLE = YES;
				IPHONEOS_DEPLOYMENT_TARGET = 7.0;
				SDKROOT = iphoneos;
				TARGETED_DEVICE_FAMILY = "1,2";
				VALIDATE_PRODUCT = YES;
			};
			name = Release;
		};
		3BA0D50B186835D600523CAB /* Debug */ = {
			isa = XCBuildConfiguration;
			buildSettings = {
				ASSETCATALOG_COMPILER_APPICON_NAME = AppIcon;
				ASSETCATALOG_COMPILER_LAUNCHIMAGE_NAME = LaunchImage;
				GCC_PRECOMPILE_PREFIX_HEADER = YES;
				GCC_PREFIX_HEADER = "SYNAPSE/SYNAPSE-Prefix.pch";
				INFOPLIST_FILE = "SYNAPSE/SYNAPSE-Info.plist";
				PRODUCT_NAME = "$(TARGET_NAME)";
				WRAPPER_EXTENSION = app;
			};
			name = Debug;
		};
		3BA0D50C186835D600523CAB /* Release */ = {
			isa = XCBuildConfiguration;
			buildSettings = {
				ASSETCATALOG_COMPILER_APPICON_NAME = AppIcon;
				ASSETCATALOG_COMPILER_LAUNCHIMAGE_NAME = LaunchImage;
				GCC_PRECOMPILE_PREFIX_HEADER = YES;
				GCC_PREFIX_HEADER = "SYNAPSE/SYNAPSE-Prefix.pch";
				INFOPLIST_FILE = "SYNAPSE/SYNAPSE-Info.plist";
				PRODUCT_NAME = "$(TARGET_NAME)";
				WRAPPER_EXTENSION = app;
			};
			name = Release;
		};
		3BA0D50E186835D600523CAB /* Debug */ = {
			isa = XCBuildConfiguration;
			buildSettings = {
				ARCHS = "$(ARCHS_STANDARD_INCLUDING_64_BIT)";
				BUNDLE_LOADER = "$(BUILT_PRODUCTS_DIR)/SYNAPSE.app/SYNAPSE";
				FRAMEWORK_SEARCH_PATHS = (
					"$(SDKROOT)/Developer/Library/Frameworks",
					"$(inherited)",
					"$(DEVELOPER_FRAMEWORKS_DIR)",
				);
				GCC_PRECOMPILE_PREFIX_HEADER = YES;
				GCC_PREFIX_HEADER = "SYNAPSE/SYNAPSE-Prefix.pch";
				GCC_PREPROCESSOR_DEFINITIONS = (
					"DEBUG=1",
					"$(inherited)",
				);
				INFOPLIST_FILE = "SYNAPSETests/SYNAPSETests-Info.plist";
				PRODUCT_NAME = "$(TARGET_NAME)";
				TEST_HOST = "$(BUNDLE_LOADER)";
				WRAPPER_EXTENSION = xctest;
			};
			name = Debug;
		};
		3BA0D50F186835D600523CAB /* Release */ = {
			isa = XCBuildConfiguration;
			buildSettings = {
				ARCHS = "$(ARCHS_STANDARD_INCLUDING_64_BIT)";
				BUNDLE_LOADER = "$(BUILT_PRODUCTS_DIR)/SYNAPSE.app/SYNAPSE";
				FRAMEWORK_SEARCH_PATHS = (
					"$(SDKROOT)/Developer/Library/Frameworks",
					"$(inherited)",
					"$(DEVELOPER_FRAMEWORKS_DIR)",
				);
				GCC_PRECOMPILE_PREFIX_HEADER = YES;
				GCC_PREFIX_HEADER = "SYNAPSE/SYNAPSE-Prefix.pch";
				INFOPLIST_FILE = "SYNAPSETests/SYNAPSETests-Info.plist";
				PRODUCT_NAME = "$(TARGET_NAME)";
				TEST_HOST = "$(BUNDLE_LOADER)";
				WRAPPER_EXTENSION = xctest;
			};
			name = Release;
		};
/* End XCBuildConfiguration section */

/* Begin XCConfigurationList section */
		3BA0D4CA186835D500523CAB /* Build configuration list for PBXProject "SYNAPSE" */ = {
			isa = XCConfigurationList;
			buildConfigurations = (
				3BA0D508186835D600523CAB /* Debug */,
				3BA0D509186835D600523CAB /* Release */,
			);
			defaultConfigurationIsVisible = 0;
			defaultConfigurationName = Release;
		};
		3BA0D50A186835D600523CAB /* Build configuration list for PBXNativeTarget "SYNAPSE" */ = {
			isa = XCConfigurationList;
			buildConfigurations = (
				3BA0D50B186835D600523CAB /* Debug */,
				3BA0D50C186835D600523CAB /* Release */,
			);
			defaultConfigurationIsVisible = 0;
		};
		3BA0D50D186835D600523CAB /* Build configuration list for PBXNativeTarget "SYNAPSETests" */ = {
			isa = XCConfigurationList;
			buildConfigurations = (
				3BA0D50E186835D600523CAB /* Debug */,
				3BA0D50F186835D600523CAB /* Release */,
			);
			defaultConfigurationIsVisible = 0;
		};
/* End XCConfigurationList section */
	};
	rootObject = 3BA0D4C7186835D500523CAB /* Project object */;
}
